
Microsoft Visual Studio Solution File, Format Version 12.00
# Visual Studio Version 17
VisualStudioVersion = 17.7.34024.191
MinimumVisualStudioVersion = 10.0.40219.1
Project("{FAE04EC0-301F-11D3-BF4B-00C04F79EFBC}") = "FitnessStudio", "FitnessStudio\FitnessStudio.csproj", "{860FC60B-561D-4B91-A86D-1FF9783F1683}"
EndProject
Global
	GlobalSection(SolutionConfigurationPlatforms) = preSolution
		Debug|Any CPU = Debug|Any CPU
		Release|Any CPU = Release|Any CPU
	EndGlobalSection
	GlobalSection(ProjectConfigurationPlatforms) = postSolution
		{860FC60B-561D-4B91-A86D-1FF9783F1683}.Debug|Any CPU.ActiveCfg = Debug|Any CPU
		{860FC60B-561D-4B91-A86D-1FF9783F1683}.Debug|Any CPU.Build.0 = Debug|Any CPU
		{860FC60B-561D-4B91-A86D-1FF9783F1683}.Release|Any CPU.ActiveCfg = Release|Any CPU
		{860FC60B-561D-4B91-A86D-1FF9783F1683}.Release|Any CPU.Build.0 = Release|Any CPU
	EndGlobalSection
	GlobalSection(SolutionProperties) = preSolution
		HideSolutionNode = FALSE
	EndGlobalSection
	GlobalSection(ExtensibilityGlobals) = postSolution
		SolutionGuid = {475021C5-EB2D-406B-B061-F826195BA2DC}
	EndGlobalSection
EndGlobal
